{
    "egulias/email-validator": {
        "version": "3.1.0"
    },
    "symfony/form": {
        "version": "v5.2.5"
    },
    "symfony/intl": {
        "version": "v5.2.4"
    },
    "symfony/mailer": {
        "version": "4.3",
        "recipe": {
            "repo": "github.com/symfony/recipes",
            "branch": "master",
            "version": "4.3",
            "ref": "15658c2a0176cda2e7dba66276a2030b52bd81b2"
        },
        "files": [
            "config/packages/mailer.yaml"
        ]
    },
    "symfony/mime": {
        "version": "v5.2.5"
    },
    "symfony/options-resolver": {
        "version": "v5.2.4"
    },
    "symfony/polyfill-intl-icu": {
        "version": "v1.22.1"
    },
    "symfony/polyfill-intl-idn": {
        "version": "v1.22.1"
    },
    "symfonycasts/verify-email-bundle": {
        "version": "v1.2.0"
    }
}
